
Microsoft Visual Studio Solution File, Format Version 12.00
# Visual Studio Version 16
VisualStudioVersion = 16.0.31112.23
MinimumVisualStudioVersion = 10.0.40219.1
Project("{FAE04EC0-301F-11D3-BF4B-00C04F79EFBC}") = "CaezarCipher", "CaezarCipher\CaezarCipher.csproj", "{4B1C2604-280D-4DDB-8B31-7E88D5725A6D}"
EndProject
Project("{FAE04EC0-301F-11D3-BF4B-00C04F79EFBC}") = "CaezarCipherTests", "CaezarCipherTests\CaezarCipherTests.csproj", "{06B0240E-CC0F-4012-BF4B-F710C589E75C}"
EndProject
Global
	GlobalSection(SolutionConfigurationPlatforms) = preSolution
		Debug|Any CPU = Debug|Any CPU
		Release|Any CPU = Release|Any CPU
	EndGlobalSection
	GlobalSection(ProjectConfigurationPlatforms) = postSolution
		{4B1C2604-280D-4DDB-8B31-7E88D5725A6D}.Debug|Any CPU.ActiveCfg = Debug|Any CPU
		{4B1C2604-280D-4DDB-8B31-7E88D5725A6D}.Debug|Any CPU.Build.0 = Debug|Any CPU
		{4B1C2604-280D-4DDB-8B31-7E88D5725A6D}.Release|Any CPU.ActiveCfg = Release|Any CPU
		{4B1C2604-280D-4DDB-8B31-7E88D5725A6D}.Release|Any CPU.Build.0 = Release|Any CPU
		{06B0240E-CC0F-4012-BF4B-F710C589E75C}.Debug|Any CPU.ActiveCfg = Debug|Any CPU
		{06B0240E-CC0F-4012-BF4B-F710C589E75C}.Debug|Any CPU.Build.0 = Debug|Any CPU
		{06B0240E-CC0F-4012-BF4B-F710C589E75C}.Release|Any CPU.ActiveCfg = Release|Any CPU
		{06B0240E-CC0F-4012-BF4B-F710C589E75C}.Release|Any CPU.Build.0 = Release|Any CPU
	EndGlobalSection
	GlobalSection(SolutionProperties) = preSolution
		HideSolutionNode = FALSE
	EndGlobalSection
	GlobalSection(ExtensibilityGlobals) = postSolution
		SolutionGuid = {8EE1AA5C-C7DA-4313-8FD6-3F84A0232D2B}
	EndGlobalSection
EndGlobal
